
Microsoft Visual Studio Solution File, Format Version 12.00
# Visual Studio Version 16
VisualStudioVersion = 16.0.30204.135
MinimumVisualStudioVersion = 10.0.40219.1
Project("{9A19103F-16F7-4668-BE54-9A1E7A4F7556}") = "UserRepository", "UserRepository\UserRepository.csproj", "{14553121-C8FA-47F0-9303-A83692D3ECEA}"
EndProject
Project("{9A19103F-16F7-4668-BE54-9A1E7A4F7556}") = "UserRepository.Specs", "UserRepository.Specs\UserRepository.Specs.csproj", "{8A4DE8EB-2F67-4C60-ADB9-52C8357BC884}"
EndProject
Global
	GlobalSection(SolutionConfigurationPlatforms) = preSolution
		Debug|Any CPU = Debug|Any CPU
		Release|Any CPU = Release|Any CPU
	EndGlobalSection
	GlobalSection(ProjectConfigurationPlatforms) = postSolution
		{14553121-C8FA-47F0-9303-A83692D3ECEA}.Debug|Any CPU.ActiveCfg = Debug|Any CPU
		{14553121-C8FA-47F0-9303-A83692D3ECEA}.Debug|Any CPU.Build.0 = Debug|Any CPU
		{14553121-C8FA-47F0-9303-A83692D3ECEA}.Release|Any CPU.ActiveCfg = Release|Any CPU
		{14553121-C8FA-47F0-9303-A83692D3ECEA}.Release|Any CPU.Build.0 = Release|Any CPU
		{8A4DE8EB-2F67-4C60-ADB9-52C8357BC884}.Debug|Any CPU.ActiveCfg = Debug|Any CPU
		{8A4DE8EB-2F67-4C60-ADB9-52C8357BC884}.Debug|Any CPU.Build.0 = Debug|Any CPU
		{8A4DE8EB-2F67-4C60-ADB9-52C8357BC884}.Release|Any CPU.ActiveCfg = Release|Any CPU
		{8A4DE8EB-2F67-4C60-ADB9-52C8357BC884}.Release|Any CPU.Build.0 = Release|Any CPU
	EndGlobalSection
	GlobalSection(SolutionProperties) = preSolution
		HideSolutionNode = FALSE
	EndGlobalSection
	GlobalSection(ExtensibilityGlobals) = postSolution
		SolutionGuid = {3B5AE561-AD85-4E8C-942E-059DA13C146E}
	EndGlobalSection
EndGlobal
